
Microsoft Visual Studio Solution File, Format Version 12.00
# Visual Studio Version 17
VisualStudioVersion = 17.8.34112.27
MinimumVisualStudioVersion = 10.0.40219.1
Project("{FAE04EC0-301F-11D3-BF4B-00C04F79EFBC}") = "GearBoxWeb", "GearBoxWeb\GearBoxWeb.csproj", "{DD83C672-4E13-496A-BE09-9DF3F0954CC3}"
EndProject
Global
	GlobalSection(SolutionConfigurationPlatforms) = preSolution
		Debug|Any CPU = Debug|Any CPU
		Release|Any CPU = Release|Any CPU
	EndGlobalSection
	GlobalSection(ProjectConfigurationPlatforms) = postSolution
		{DD83C672-4E13-496A-BE09-9DF3F0954CC3}.Debug|Any CPU.ActiveCfg = Debug|Any CPU
		{DD83C672-4E13-496A-BE09-9DF3F0954CC3}.Debug|Any CPU.Build.0 = Debug|Any CPU
		{DD83C672-4E13-496A-BE09-9DF3F0954CC3}.Release|Any CPU.ActiveCfg = Release|Any CPU
		{DD83C672-4E13-496A-BE09-9DF3F0954CC3}.Release|Any CPU.Build.0 = Release|Any CPU
	EndGlobalSection
	GlobalSection(SolutionProperties) = preSolution
		HideSolutionNode = FALSE
	EndGlobalSection
	GlobalSection(ExtensibilityGlobals) = postSolution
		SolutionGuid = {CAAF74CE-B41C-4E2E-98F2-56986577222B}
	EndGlobalSection
EndGlobal
